
Microsoft Visual Studio Solution File, Format Version 11.00
# Visual Studio 2010
# SharpDevelop 5.1
Project("{FAE04EC0-301F-11D3-BF4B-00C04F79EFBC}") = "TeseSharp", "TeseSharp\TeseSharp.csproj", "{483C85BA-4874-41C0-9A45-F54A28D94A22}"
EndProject
Project("{FAE04EC0-301F-11D3-BF4B-00C04F79EFBC}") = "TeseSharp.Tests", "TeseSharp.Tests\TeseSharp.Tests.csproj", "{17D486C0-217C-4804-AC45-DA3D65069EDC}"
EndProject
Global
	GlobalSection(SolutionConfigurationPlatforms) = preSolution
		Debug|Any CPU = Debug|Any CPU
		Release|Any CPU = Release|Any CPU
	EndGlobalSection
	GlobalSection(ProjectConfigurationPlatforms) = postSolution
		{483C85BA-4874-41C0-9A45-F54A28D94A22}.Debug|Any CPU.ActiveCfg = Debug|Any CPU
		{483C85BA-4874-41C0-9A45-F54A28D94A22}.Debug|Any CPU.Build.0 = Debug|Any CPU
		{483C85BA-4874-41C0-9A45-F54A28D94A22}.Release|Any CPU.ActiveCfg = Release|Any CPU
		{483C85BA-4874-41C0-9A45-F54A28D94A22}.Release|Any CPU.Build.0 = Release|Any CPU
		{17D486C0-217C-4804-AC45-DA3D65069EDC}.Debug|Any CPU.ActiveCfg = Debug|Any CPU
		{17D486C0-217C-4804-AC45-DA3D65069EDC}.Debug|Any CPU.Build.0 = Debug|Any CPU
		{17D486C0-217C-4804-AC45-DA3D65069EDC}.Release|Any CPU.ActiveCfg = Release|Any CPU
		{17D486C0-217C-4804-AC45-DA3D65069EDC}.Release|Any CPU.Build.0 = Release|Any CPU
	EndGlobalSection
EndGlobal
